
Microsoft Visual Studio Solution File, Format Version 12.00
# Visual Studio Version 16
VisualStudioVersion = 16.0.32106.194
MinimumVisualStudioVersion = 10.0.40219.1
Project("{FAE04EC0-301F-11D3-BF4B-00C04F79EFBC}") = "PowerRemoteDesktop_LogonUI", "PowerRemoteDesktop_LogonUI\PowerRemoteDesktop_LogonUI.csproj", "{70468FA7-59F8-47C9-A12B-477F1F0AE372}"
EndProject
Global
	GlobalSection(SolutionConfigurationPlatforms) = preSolution
		Debug|Any CPU = Debug|Any CPU
		Release|Any CPU = Release|Any CPU
	EndGlobalSection
	GlobalSection(ProjectConfigurationPlatforms) = postSolution
		{70468FA7-59F8-47C9-A12B-477F1F0AE372}.Debug|Any CPU.ActiveCfg = Debug|Any CPU
		{70468FA7-59F8-47C9-A12B-477F1F0AE372}.Debug|Any CPU.Build.0 = Debug|Any CPU
		{70468FA7-59F8-47C9-A12B-477F1F0AE372}.Release|Any CPU.ActiveCfg = Release|Any CPU
		{70468FA7-59F8-47C9-A12B-477F1F0AE372}.Release|Any CPU.Build.0 = Release|Any CPU
	EndGlobalSection
	GlobalSection(SolutionProperties) = preSolution
		HideSolutionNode = FALSE
	EndGlobalSection
	GlobalSection(ExtensibilityGlobals) = postSolution
		SolutionGuid = {925BBF36-3083-4B14-AA41-B043E7789E77}
	EndGlobalSection
EndGlobal
